Microsoft Visual Studio Solution File, Format Version 12.00
# Visual Studio Version 17
VisualStudioVersion = 17.5.2.0
MinimumVisualStudioVersion = 10.0.40219.1
Project("{FAE04EC0-301F-11D3-BF4B-00C04F79EFBC}") = "FitGain", "FitGain.csproj", "{5D1863E5-064F-BA44-1019-173CAD035FE9}"
EndProject
Global
	GlobalSection(SolutionConfigurationPlatforms) = preSolution
		Debug|Any CPU = Debug|Any CPU
		Release|Any CPU = Release|Any CPU
	EndGlobalSection
	GlobalSection(ProjectConfigurationPlatforms) = postSolution
		{5D1863E5-064F-BA44-1019-173CAD035FE9}.Debug|Any CPU.ActiveCfg = Debug|Any CPU
		{5D1863E5-064F-BA44-1019-173CAD035FE9}.Debug|Any CPU.Build.0 = Debug|Any CPU
		{5D1863E5-064F-BA44-1019-173CAD035FE9}.Release|Any CPU.ActiveCfg = Release|Any CPU
		{5D1863E5-064F-BA44-1019-173CAD035FE9}.Release|Any CPU.Build.0 = Release|Any CPU
	EndGlobalSection
	GlobalSection(SolutionProperties) = preSolution
		HideSolutionNode = FALSE
	EndGlobalSection
	GlobalSection(ExtensibilityGlobals) = postSolution
		SolutionGuid = {39A8B443-BEDA-41D9-BDC0-279C26643551}
	EndGlobalSection
EndGlobal
